
Microsoft Visual Studio Solution File, Format Version 12.00
# Visual Studio Version 17
VisualStudioVersion = 17.10.35004.147
MinimumVisualStudioVersion = 10.0.40219.1
Project("{FAE04EC0-301F-11D3-BF4B-00C04F79EFBC}") = "Lab1", "Lab1\Lab1.csproj", "{4F437BC6-F3E7-4719-AD18-10D7C4AB03BC}"
EndProject
Global
	GlobalSection(SolutionConfigurationPlatforms) = preSolution
		Debug|Any CPU = Debug|Any CPU
		Release|Any CPU = Release|Any CPU
	EndGlobalSection
	GlobalSection(ProjectConfigurationPlatforms) = postSolution
		{4F437BC6-F3E7-4719-AD18-10D7C4AB03BC}.Debug|Any CPU.ActiveCfg = Debug|Any CPU
		{4F437BC6-F3E7-4719-AD18-10D7C4AB03BC}.Debug|Any CPU.Build.0 = Debug|Any CPU
		{4F437BC6-F3E7-4719-AD18-10D7C4AB03BC}.Release|Any CPU.ActiveCfg = Release|Any CPU
		{4F437BC6-F3E7-4719-AD18-10D7C4AB03BC}.Release|Any CPU.Build.0 = Release|Any CPU
	EndGlobalSection
	GlobalSection(SolutionProperties) = preSolution
		HideSolutionNode = FALSE
	EndGlobalSection
	GlobalSection(ExtensibilityGlobals) = postSolution
		SolutionGuid = {87621938-D64A-4AD7-AB34-5A3F8F99F5B9}
	EndGlobalSection
EndGlobal
